
Microsoft Visual Studio Solution File, Format Version 12.00
# Visual Studio Version 16
VisualStudioVersion = 16.0.31229.75
MinimumVisualStudioVersion = 10.0.40219.1
Project("{FAE04EC0-301F-11D3-BF4B-00C04F79EFBC}") = "Deliverable2", "Deliverable2\Deliverable2.csproj", "{62789D38-4313-4415-85BC-6E32FF61BCE3}"
EndProject
Global
	GlobalSection(SolutionConfigurationPlatforms) = preSolution
		Debug|Any CPU = Debug|Any CPU
		Release|Any CPU = Release|Any CPU
	EndGlobalSection
	GlobalSection(ProjectConfigurationPlatforms) = postSolution
		{62789D38-4313-4415-85BC-6E32FF61BCE3}.Debug|Any CPU.ActiveCfg = Debug|Any CPU
		{62789D38-4313-4415-85BC-6E32FF61BCE3}.Debug|Any CPU.Build.0 = Debug|Any CPU
		{62789D38-4313-4415-85BC-6E32FF61BCE3}.Release|Any CPU.ActiveCfg = Release|Any CPU
		{62789D38-4313-4415-85BC-6E32FF61BCE3}.Release|Any CPU.Build.0 = Release|Any CPU
	EndGlobalSection
	GlobalSection(SolutionProperties) = preSolution
		HideSolutionNode = FALSE
	EndGlobalSection
	GlobalSection(ExtensibilityGlobals) = postSolution
		SolutionGuid = {952DC1B9-9DD9-4DC7-9DEC-5913028301D2}
	EndGlobalSection
EndGlobal
